// !$*UTF8*$!
{
	archiveVersion = 1;
	classes = {
	};
	objectVersion = 46;
	objects = {

/* Begin PBXBuildFile section */
		B9236A541E80EB4F0045CB72 /* AppDelegate.swift in Sources */ = {isa = PBXBuildFile; fileRef = B9236A531E80EB4F0045CB72 /* AppDelegate.swift */; };
		B9236A561E80EB4F0045CB72 /* ViewController.swift in Sources */ = {isa = PBXBuildFile; fileRef = B9236A551E80EB4F0045CB72 /* ViewController.swift */; };
		B9236A591E80EB4F0045CB72 /* Main.storyboard in Resources */ = {isa = PBXBuildFile; fileRef = B9236A571E80EB4F0045CB72 /* Main.storyboard */; };
		B9236A5B1E80EB4F0045CB72 /* Assets.xcassets in Resources */ = {isa = PBXBuildFile; fileRef = B9236A5A1E80EB4F0045CB72 /* Assets.xcassets */; };
		B9236A5E1E80EB4F0045CB72 /* LaunchScreen.storyboard in Resources */ = {isa = PBXBuildFile; fileRef = B9236A5C1E80EB4F0045CB72 /* LaunchScreen.storyboard */; };
		B9236A691E80EB4F0045CB72 /* MyGameLiveTests.swift in Sources */ = {isa = PBXBuildFile; fileRef = B9236A681E80EB4F0045CB72 /* MyGameLiveTests.swift */; };
		B9236A741E80EB4F0045CB72 /* MyGameLiveUITests.swift in Sources */ = {isa = PBXBuildFile; fileRef = B9236A731E80EB4F0045CB72 /* MyGameLiveUITests.swift */; };
/* End PBXBuildFile section */

/* Begin PBXContainerItemProxy section */
		B9236A651E80EB4F0045CB72 /* PBXContainerItemProxy */ = {
			isa = PBXContainerItemProxy;
			containerPortal = B9236A481E80EB4F0045CB72 /* Project object */;
			proxyType = 1;
			remoteGlobalIDString = B9236A4F1E80EB4F0045CB72;
			remoteInfo = MyGameLive;
		};
		B9236A701E80EB4F0045CB72 /* PBXContainerItemProxy */ = {
			isa = PBXContainerItemProxy;
			containerPortal = B9236A481E80EB4F0045CB72 /* Project object */;
			proxyType = 1;
			remoteGlobalIDString = B9236A4F1E80EB4F0045CB72;
			remoteInfo = MyGameLive;
		};
/* End PBXContainerItemProxy section */

/* Begin PBXFileReference section */
		B9236A501E80EB4F0045CB72 /* MyGameLive.app */ = {isa = PBXFileReference; explicitFileType = wrapper.application; includeInIndex = 0; path = MyGameLive.app; sourceTree = BUILT_PRODUCTS_DIR; };
		B9236A531E80EB4F0045CB72 /* AppDelegate.swift */ = {isa = PBXFileReference; lastKnownFileType = sourcecode.swift; path = AppDelegate.swift; sourceTree = "<group>"; };
		B9236A551E80EB4F0045CB72 /* ViewController.swift */ = {isa = PBXFileReference; lastKnownFileType = sourcecode.swift; path = ViewController.swift; sourceTree = "<group>"; };
		B9236A581E80EB4F0045CB72 /* Base */ = {isa = PBXFileReference; lastKnownFileType = file.storyboard; name = Base; path = Base.lproj/Main.storyboard; sourceTree = "<group>"; };
		B9236A5A1E80EB4F0045CB72 /* Assets.xcassets */ = {isa = PBXFileReference; lastKnownFileType = folder.assetcatalog; path = Assets.xcassets; sourceTree = "<group>"; };
		B9236A5D1E80EB4F0045CB72 /* Base */ = {isa = PBXFileReference; lastKnownFileType = file.storyboard; name = Base; path = Base.lproj/LaunchScreen.storyboard; sourceTree = "<group>"; };
		B9236A5F1E80EB4F0045CB72 /* Info.plist */ = {isa = PBXFileReference; lastKnownFileType = text.plist.xml; name = Info.plist; path = ../Info.plist; sourceTree = "<group>"; };
		B9236A641E80EB4F0045CB72 /* MyGameLiveTests.xctest */ = {isa = PBXFileReference; explicitFileType = wrapper.cfbundle; includeInIndex = 0; path = MyGameLiveTests.xctest; sourceTree = BUILT_PRODUCTS_DIR; };
		B9236A681E80EB4F0045CB72 /* MyGameLiveTests.swift */ = {isa = PBXFileReference; lastKnownFileType = sourcecode.swift; path = MyGameLiveTests.swift; sourceTree = "<group>"; };
		B9236A6A1E80EB4F0045CB72 /* Info.plist */ = {isa = PBXFileReference; lastKnownFileType = text.plist.xml; path = Info.plist; sourceTree = "<group>"; };
		B9236A6F1E80EB4F0045CB72 /* MyGameLiveUITests.xctest */ = {isa = PBXFileReference; explicitFileType = wrapper.cfbundle; includeInIndex = 0; path = MyGameLiveUITests.xctest; sourceTree = BUILT_PRODUCTS_DIR; };
		B9236A731E80EB4F0045CB72 /* MyGameLiveUITests.swift */ = {isa = PBXFileReference; lastKnownFileType = sourcecode.swift; path = MyGameLiveUITests.swift; sourceTree = "<group>"; };
		B9236A751E80EB4F0045CB72 /* Info.plist */ = {isa = PBXFileReference; lastKnownFileType = text.plist.xml; path = Info.plist; sourceTree = "<group>"; };
/* End PBXFileReference section */

/* Begin PBXFrameworksBuildPhase section */
		B9236A4D1E80EB4F0045CB72 /* Frameworks */ = {
			isa = PBXFrameworksBuildPhase;
			buildActionMask = 2147483647;
			files = (
			);
			runOnlyForDeploymentPostprocessing = 0;
		};
		B9236A611E80EB4F0045CB72 /* Frameworks */ = {
			isa = PBXFrameworksBuildPhase;
			buildActionMask = 2147483647;
			files = (
			);
			runOnlyForDeploymentPostprocessing = 0;
		};
		B9236A6C1E80EB4F0045CB72 /* Frameworks */ = {
			isa = PBXFrameworksBuildPhase;
			buildActionMask = 2147483647;
			files = (
			);
			runOnlyForDeploymentPostprocessing = 0;
		};
/* End PBXFrameworksBuildPhase section */

/* Begin PBXGroup section */
		B9236A471E80EB4F0045CB72 = {
			isa = PBXGroup;
			children = (
				B9236A521E80EB4F0045CB72 /* MyGameLive */,
				B9236A671E80EB4F0045CB72 /* MyGameLiveTests */,
				B9236A721E80EB4F0045CB72 /* MyGameLiveUITests */,
				B9236A511E80EB4F0045CB72 /* Products */,
			);
			sourceTree = "<group>";
		};
		B9236A511E80EB4F0045CB72 /* Products */ = {
			isa = PBXGroup;
			children = (
				B9236A501E80EB4F0045CB72 /* MyGameLive.app */,
				B9236A641E80EB4F0045CB72 /* MyGameLiveTests.xctest */,
				B9236A6F1E80EB4F0045CB72 /* MyGameLiveUITests.xctest */,
			);
			name = Products;
			sourceTree = "<group>";
		};
		B9236A521E80EB4F0045CB72 /* MyGameLive */ = {
			isa = PBXGroup;
			children = (
				B9F5EEAE1E81330500E444B5 /* Tools */,
				B9F5EE961E80F44E00E444B5 /* Main */,
				B9F5EE971E80F45800E444B5 /* Home */,
				B9F5EE981E80F46100E444B5 /* Live */,
				B9F5EE991E80F7DD00E444B5 /* Attention */,
				B9F5EE9A1E80F7F100E444B5 /* Finde */,
				B9F5EE9B1E80F7FA00E444B5 /* Mine */,
				B9236A551E80EB4F0045CB72 /* ViewController.swift */,
				B9F5EE951E80F2E500E444B5 /* other */,
				B9236A5A1E80EB4F0045CB72 /* Assets.xcassets */,
				B9236A531E80EB4F0045CB72 /* AppDelegate.swift */,
			);
			path = MyGameLive;
			sourceTree = "<group>";
		};
		B9236A671E80EB4F0045CB72 /* MyGameLiveTests */ = {
			isa = PBXGroup;
			children = (
				B9236A681E80EB4F0045CB72 /* MyGameLiveTests.swift */,
				B9236A6A1E80EB4F0045CB72 /* Info.plist */,
			);
			path = MyGameLiveTests;
			sourceTree = "<group>";
		};
		B9236A721E80EB4F0045CB72 /* MyGameLiveUITests */ = {
			isa = PBXGroup;
			children = (
				B9236A731E80EB4F0045CB72 /* MyGameLiveUITests.swift */,
				B9236A751E80EB4F0045CB72 /* Info.plist */,
			);
			path = MyGameLiveUITests;
			sourceTree = "<group>";
		};
		B9F5EE951E80F2E500E444B5 /* other */ = {
			isa = PBXGroup;
			children = (
				B9236A571E80EB4F0045CB72 /* Main.storyboard */,
				B9236A5C1E80EB4F0045CB72 /* LaunchScreen.storyboard */,
				B9236A5F1E80EB4F0045CB72 /* Info.plist */,
			);
			path = other;
			sourceTree = "<group>";
		};
		B9F5EE961E80F44E00E444B5 /* Main */ = {
			isa = PBXGroup;
			children = (
				B9F5EEAD1E8132AE00E444B5 /* Controller */,
				B9F5EEAC1E8132A500E444B5 /* View */,
				B9F5EEAB1E81329C00E444B5 /* Model */,
			);
			path = Main;
			sourceTree = "<group>";
		};
		B9F5EE971E80F45800E444B5 /* Home */ = {
			isa = PBXGroup;
			children = (
				B9F5EEAA1E80F8E500E444B5 /* Controller */,
				B9F5EEA91E80F8DB00E444B5 /* View */,
				B9F5EEA81E80F8D200E444B5 /* Model */,
			);
			path = Home;
			sourceTree = "<group>";
		};
		B9F5EE981E80F46100E444B5 /* Live */ = {
			isa = PBXGroup;
			children = (
				B9F5EEA71E80F8C600E444B5 /* Controller */,
				B9F5EEA61E80F8BC00E444B5 /* View */,
				B9F5EEA51E80F88900E444B5 /* Model */,
			);
			path = Live;
			sourceTree = "<group>";
		};
		B9F5EE991E80F7DD00E444B5 /* Attention */ = {
			isa = PBXGroup;
			children = (
				B9F5EEA41E80F87C00E444B5 /* Controller */,
				B9F5EEA31E80F86F00E444B5 /* View */,
				B9F5EEA21E80F86700E444B5 /* Model */,
			);
			path = Attention;
			sourceTree = "<group>";
		};
		B9F5EE9A1E80F7F100E444B5 /* Finde */ = {
			isa = PBXGroup;
			children = (
				B9F5EEA11E80F85A00E444B5 /* Controller */,
				B9F5EEA01E80F85100E444B5 /* View */,
				B9F5EE9F1E80F84800E444B5 /* Model */,
			);
			path = Finde;
			sourceTree = "<group>";
		};
		B9F5EE9B1E80F7FA00E444B5 /* Mine */ = {
			isa = PBXGroup;
			children = (
				B9F5EE9E1E80F82500E444B5 /* Controller */,
				B9F5EE9D1E80F81B00E444B5 /* View */,
				B9F5EE9C1E80F81200E444B5 /* Model */,
			);
			path = Mine;
			sourceTree = "<group>";
		};
		B9F5EE9C1E80F81200E444B5 /* Model */ = {
			isa = PBXGroup;
			children = (
			);
			path = Model;
			sourceTree = "<group>";
		};
		B9F5EE9D1E80F81B00E444B5 /* View */ = {
			isa = PBXGroup;
			children = (
			);
			path = View;
			sourceTree = "<group>";
		};
		B9F5EE9E1E80F82500E444B5 /* Controller */ = {
			isa = PBXGroup;
			children = (
			);
			path = Controller;
			sourceTree = "<group>";
		};
		B9F5EE9F1E80F84800E444B5 /* Model */ = {
			isa = PBXGroup;
			children = (
			);
			path = Model;
			sourceTree = "<group>";
		};
		B9F5EEA01E80F85100E444B5 /* View */ = {
			isa = PBXGroup;
			children = (
			);
			path = View;
			sourceTree = "<group>";
		};
		B9F5EEA11E80F85A00E444B5 /* Controller */ = {
			isa = PBXGroup;
			children = (
			);
			path = Controller;
			sourceTree = "<group>";
		};
		B9F5EEA21E80F86700E444B5 /* Model */ = {
			isa = PBXGroup;
			children = (
			);
			path = Model;
			sourceTree = "<group>";
		};
		B9F5EEA31E80F86F00E444B5 /* View */ = {
			isa = PBXGroup;
			children = (
			);
			path = View;
			sourceTree = "<group>";
		};
		B9F5EEA41E80F87C00E444B5 /* Controller */ = {
			isa = PBXGroup;
			children = (
			);
			path = Controller;
			sourceTree = "<group>";
		};
		B9F5EEA51E80F88900E444B5 /* Model */ = {
			isa = PBXGroup;
			children = (
			);
			path = Model;
			sourceTree = "<group>";
		};
		B9F5EEA61E80F8BC00E444B5 /* View */ = {
			isa = PBXGroup;
			children = (
			);
			path = View;
			sourceTree = "<group>";
		};
		B9F5EEA71E80F8C600E444B5 /* Controller */ = {
			isa = PBXGroup;
			children = (
			);
			path = Controller;
			sourceTree = "<group>";
		};
		B9F5EEA81E80F8D200E444B5 /* Model */ = {
			isa = PBXGroup;
			children = (
			);
			path = Model;
			sourceTree = "<group>";
		};
		B9F5EEA91E80F8DB00E444B5 /* View */ = {
			isa = PBXGroup;
			children = (
			);
			path = View;
			sourceTree = "<group>";
		};
		B9F5EEAA1E80F8E500E444B5 /* Controller */ = {
			isa = PBXGroup;
			children = (
			);
			path = Controller;
			sourceTree = "<group>";
		};
		B9F5EEAB1E81329C00E444B5 /* Model */ = {
			isa = PBXGroup;
			children = (
			);
			path = Model;
			sourceTree = "<group>";
		};
		B9F5EEAC1E8132A500E444B5 /* View */ = {
			isa = PBXGroup;
			children = (
			);
			path = View;
			sourceTree = "<group>";
		};
		B9F5EEAD1E8132AE00E444B5 /* Controller */ = {
			isa = PBXGroup;
			children = (
			);
			path = Controller;
			sourceTree = "<group>";
		};
		B9F5EEAE1E81330500E444B5 /* Tools */ = {
			isa = PBXGroup;
			children = (
				B9F5EEAF1E81332200E444B5 /* Extension */,
			);
			path = Tools;
			sourceTree = "<group>";
		};
		B9F5EEAF1E81332200E444B5 /* Extension */ = {
			isa = PBXGroup;
			children = (
			);
			path = Extension;
			sourceTree = "<group>";
		};
/* End PBXGroup section */

/* Begin PBXNativeTarget section */
		B9236A4F1E80EB4F0045CB72 /* MyGameLive */ = {
			isa = PBXNativeTarget;
			buildConfigurationList = B9236A781E80EB4F0045CB72 /* Build configuration list for PBXNativeTarget "MyGameLive" */;
			buildPhases = (
				B9236A4C1E80EB4F0045CB72 /* Sources */,
				B9236A4D1E80EB4F0045CB72 /* Frameworks */,
				B9236A4E1E80EB4F0045CB72 /* Resources */,
			);
			buildRules = (
			);
			dependencies = (
			);
			name = MyGameLive;
			productName = MyGameLive;
			productReference = B9236A501E80EB4F0045CB72 /* MyGameLive.app */;
			productType = "com.apple.product-type.application";
		};
		B9236A631E80EB4F0045CB72 /* MyGameLiveTests */ = {
			isa = PBXNativeTarget;
			buildConfigurationList = B9236A7B1E80EB4F0045CB72 /* Build configuration list for PBXNativeTarget "MyGameLiveTests" */;
			buildPhases = (
				B9236A601E80EB4F0045CB72 /* Sources */,
				B9236A611E80EB4F0045CB72 /* Frameworks */,
				B9236A621E80EB4F0045CB72 /* Resources */,
			);
			buildRules = (
			);
			dependencies = (
				B9236A661E80EB4F0045CB72 /* PBXTargetDependency */,
			);
			name = MyGameLiveTests;
			productName = MyGameLiveTests;
			productReference = B9236A641E80EB4F0045CB72 /* MyGameLiveTests.xctest */;
			productType = "com.apple.product-type.bundle.unit-test";
		};
		B9236A6E1E80EB4F0045CB72 /* MyGameLiveUITests */ = {
			isa = PBXNativeTarget;
			buildConfigurationList = B9236A7E1E80EB4F0045CB72 /* Build configuration list for PBXNativeTarget "MyGameLiveUITests" */;
			buildPhases = (
				B9236A6B1E80EB4F0045CB72 /* Sources */,
				B9236A6C1E80EB4F0045CB72 /* Frameworks */,
				B9236A6D1E80EB4F0045CB72 /* Resources */,
			);
			buildRules = (
			);
			dependencies = (
				B9236A711E80EB4F0045CB72 /* PBXTargetDependency */,
			);
			name = MyGameLiveUITests;
			productName = MyGameLiveUITests;
			productReference = B9236A6F1E80EB4F0045CB72 /* MyGameLiveUITests.xctest */;
			productType = "com.apple.product-type.bundle.ui-testing";
		};
/* End PBXNativeTarget section */

/* Begin PBXProject section */
		B9236A481E80EB4F0045CB72 /* Project object */ = {
			isa = PBXProject;
			attributes = {
				LastSwiftUpdateCheck = 0820;
				LastUpgradeCheck = 0820;
				ORGANIZATIONNAME = Marauder;
				TargetAttributes = {
					B9236A4F1E80EB4F0045CB72 = {
						CreatedOnToolsVersion = 8.2.1;
						ProvisioningStyle = Automatic;
					};
					B9236A631E80EB4F0045CB72 = {
						CreatedOnToolsVersion = 8.2.1;
						ProvisioningStyle = Automatic;
						TestTargetID = B9236A4F1E80EB4F0045CB72;
					};
					B9236A6E1E80EB4F0045CB72 = {
						CreatedOnToolsVersion = 8.2.1;
						ProvisioningStyle = Automatic;
						TestTargetID = B9236A4F1E80EB4F0045CB72;
					};
				};
			};
			buildConfigurationList = B9236A4B1E80EB4F0045CB72 /* Build configuration list for PBXProject "MyGameLive" */;
			compatibilityVersion = "Xcode 3.2";
			developmentRegion = English;
			hasScannedForEncodings = 0;
			knownRegions = (
				en,
				Base,
			);
			mainGroup = B9236A471E80EB4F0045CB72;
			productRefGroup = B9236A511E80EB4F0045CB72 /* Products */;
			projectDirPath = "";
			projectRoot = "";
			targets = (
				B9236A4F1E80EB4F0045CB72 /* MyGameLive */,
				B9236A631E80EB4F0045CB72 /* MyGameLiveTests */,
				B9236A6E1E80EB4F0045CB72 /* MyGameLiveUITests */,
			);
		};
/* End PBXProject section */

/* Begin PBXResourcesBuildPhase section */
		B9236A4E1E80EB4F0045CB72 /* Resources */ = {
			isa = PBXResourcesBuildPhase;
			buildActionMask = 2147483647;
			files = (
				B9236A5E1E80EB4F0045CB72 /* LaunchScreen.storyboard in Resources */,
				B9236A5B1E80EB4F0045CB72 /* Assets.xcassets in Resources */,
				B9236A591E80EB4F0045CB72 /* Main.storyboard in Resources */,
			);
			runOnlyForDeploymentPostprocessing = 0;
		};
		B9236A621E80EB4F0045CB72 /* Resources */ = {
			isa = PBXResourcesBuildPhase;
			buildActionMask = 2147483647;
			files = (
			);
			runOnlyForDeploymentPostprocessing = 0;
		};
		B9236A6D1E80EB4F0045CB72 /* Resources */ = {
			isa = PBXResourcesBuildPhase;
			buildActionMask = 2147483647;
			files = (
			);
			runOnlyForDeploymentPostprocessing = 0;
		};
/* End PBXResourcesBuildPhase section */

/* Begin PBXSourcesBuildPhase section */
		B9236A4C1E80EB4F0045CB72 /* Sources */ = {
			isa = PBXSourcesBuildPhase;
			buildActionMask = 2147483647;
			files = (
				B9236A561E80EB4F0045CB72 /* ViewController.swift in Sources */,
				B9236A541E80EB4F0045CB72 /* AppDelegate.swift in Sources */,
			);
			runOnlyForDeploymentPostprocessing = 0;
		};
		B9236A601E80EB4F0045CB72 /* Sources */ = {
			isa = PBXSourcesBuildPhase;
			buildActionMask = 2147483647;
			files = (
				B9236A691E80EB4F0045CB72 /* MyGameLiveTests.swift in Sources */,
			);
			runOnlyForDeploymentPostprocessing = 0;
		};
		B9236A6B1E80EB4F0045CB72 /* Sources */ = {
			isa = PBXSourcesBuildPhase;
			buildActionMask = 2147483647;
			files = (
				B9236A741E80EB4F0045CB72 /* MyGameLiveUITests.swift in Sources */,
			);
			runOnlyForDeploymentPostprocessing = 0;
		};
/* End PBXSourcesBuildPhase section */

/* Begin PBXTargetDependency section */
		B9236A661E80EB4F0045CB72 /* PBXTargetDependency */ = {
			isa = PBXTargetDependency;
			target = B9236A4F1E80EB4F0045CB72 /* MyGameLive */;
			targetProxy = B9236A651E80EB4F0045CB72 /* PBXContainerItemProxy */;
		};
		B9236A711E80EB4F0045CB72 /* PBXTargetDependency */ = {
			isa = PBXTargetDependency;
			target = B9236A4F1E80EB4F0045CB72 /* MyGameLive */;
			targetProxy = B9236A701E80EB4F0045CB72 /* PBXContainerItemProxy */;
		};
/* End PBXTargetDependency section */

/* Begin PBXVariantGroup section */
		B9236A571E80EB4F0045CB72 /* Main.storyboard */ = {
			isa = PBXVariantGroup;
			children = (
				B9236A581E80EB4F0045CB72 /* Base */,
			);
			name = Main.storyboard;
			path = ..;
			sourceTree = "<group>";
		};
		B9236A5C1E80EB4F0045CB72 /* LaunchScreen.storyboard */ = {
			isa = PBXVariantGroup;
			children = (
				B9236A5D1E80EB4F0045CB72 /* Base */,
			);
			name = LaunchScreen.storyboard;
			path = ..;
			sourceTree = "<group>";
		};
/* End PBXVariantGroup section */

/* Begin XCBuildConfiguration section */
		B9236A761E80EB4F0045CB72 /* Debug */ = {
			isa = XCBuildConfiguration;
			buildSettings = {
				ALWAYS_SEARCH_USER_PATHS = NO;
				CLANG_ANALYZER_NONNULL = YES;
				CLANG_CXX_LANGUAGE_STANDARD = "gnu++0x";
				CLANG_CXX_LIBRARY = "libc++";
				CLANG_ENABLE_MODULES = YES;
				CLANG_ENABLE_OBJC_ARC = YES;
				CLANG_WARN_BOOL_CONVERSION = YES;
				CLANG_WARN_CONSTANT_CONVERSION = YES;
				CLANG_WARN_DIRECT_OBJC_ISA_USAGE = YES_ERROR;
				CLANG_WARN_DOCUMENTATION_COMMENTS = YES;
				CLANG_WARN_EMPTY_BODY = YES;
				CLANG_WARN_ENUM_CONVERSION = YES;
				CLANG_WARN_INFINITE_RECURSION = YES;
				CLANG_WARN_INT_CONVERSION = YES;
				CLANG_WARN_OBJC_ROOT_CLASS = YES_ERROR;
				CLANG_WARN_SUSPICIOUS_MOVE = YES;
				CLANG_WARN_UNREACHABLE_CODE = YES;
				CLANG_WARN__DUPLICATE_METHOD_MATCH = YES;
				"CODE_SIGN_IDENTITY[sdk=iphoneos*]" = "iPhone Developer";
				COPY_PHASE_STRIP = NO;
				DEBUG_INFORMATION_FORMAT = dwarf;
				ENABLE_STRICT_OBJC_MSGSEND = YES;
				ENABLE_TESTABILITY = YES;
				GCC_C_LANGUAGE_STANDARD = gnu99;
				GCC_DYNAMIC_NO_PIC = NO;
				GCC_NO_COMMON_BLOCKS = YES;
				GCC_OPTIMIZATION_LEVEL = 0;
				GCC_PREPROCESSOR_DEFINITIONS = (
					"DEBUG=1",
					"$(inherited)",
				);
				GCC_WARN_64_TO_32_BIT_CONVERSION = YES;
				GCC_WARN_ABOUT_RETURN_TYPE = YES_ERROR;
				GCC_WARN_UNDECLARED_SELECTOR = YES;
				GCC_WARN_UNINITIALIZED_AUTOS = YES_AGGRESSIVE;
				GCC_WARN_UNUSED_FUNCTION = YES;
				GCC_WARN_UNUSED_VARIABLE = YES;
				IPHONEOS_DEPLOYMENT_TARGET = 10.2;
				MTL_ENABLE_DEBUG_INFO = YES;
				ONLY_ACTIVE_ARCH = YES;
				SDKROOT = iphoneos;
				SWIFT_ACTIVE_COMPILATION_CONDITIONS = DEBUG;
				SWIFT_OPTIMIZATION_LEVEL = "-Onone";
				TARGETED_DEVICE_FAMILY = "1,2";
			};
			name = Debug;
		};
		B9236A771E80EB4F0045CB72 /* Release */ = {
			isa = XCBuildConfiguration;
			buildSettings = {
				ALWAYS_SEARCH_USER_PATHS = NO;
				CLANG_ANALYZER_NONNULL = YES;
				CLANG_CXX_LANGUAGE_STANDARD = "gnu++0x";
				CLANG_CXX_LIBRARY = "libc++";
				CLANG_ENABLE_MODULES = YES;
				CLANG_ENABLE_OBJC_ARC = YES;
				CLANG_WARN_BOOL_CONVERSION = YES;
				CLANG_WARN_CONSTANT_CONVERSION = YES;
				CLANG_WARN_DIRECT_OBJC_ISA_USAGE = YES_ERROR;
				CLANG_WARN_DOCUMENTATION_COMMENTS = YES;
				CLANG_WARN_EMPTY_BODY = YES;
				CLANG_WARN_ENUM_CONVERSION = YES;
				CLANG_WARN_INFINITE_RECURSION = YES;
				CLANG_WARN_INT_CONVERSION = YES;
				CLANG_WARN_OBJC_ROOT_CLASS = YES_ERROR;
				CLANG_WARN_SUSPICIOUS_MOVE = YES;
				CLANG_WARN_UNREACHABLE_CODE = YES;
				CLANG_WARN__DUPLICATE_METHOD_MATCH = YES;
				"CODE_SIGN_IDENTITY[sdk=iphoneos*]" = "iPhone Developer";
				COPY_PHASE_STRIP = NO;
				DEBUG_INFORMATION_FORMAT = "dwarf-with-dsym";
				ENABLE_NS_ASSERTIONS = NO;
				ENABLE_STRICT_OBJC_MSGSEND = YES;
				GCC_C_LANGUAGE_STANDARD = gnu99;
				GCC_NO_COMMON_BLOCKS = YES;
				GCC_WARN_64_TO_32_BIT_CONVERSION = YES;
				GCC_WARN_ABOUT_RETURN_TYPE = YES_ERROR;
				GCC_WARN_UNDECLARED_SELECTOR = YES;
				GCC_WARN_UNINITIALIZED_AUTOS = YES_AGGRESSIVE;
				GCC_WARN_UNUSED_FUNCTION = YES;
				GCC_WARN_UNUSED_VARIABLE = YES;
				IPHONEOS_DEPLOYMENT_TARGET = 10.2;
				MTL_ENABLE_DEBUG_INFO = NO;
				SDKROOT = iphoneos;
				SWIFT_OPTIMIZATION_LEVEL = "-Owholemodule";
				TARGETED_DEVICE_FAMILY = "1,2";
				VALIDATE_PRODUCT = YES;
			};
			name = Release;
		};
		B9236A791E80EB4F0045CB72 /* Debug */ = {
			isa = XCBuildConfiguration;
			buildSettings = {
				ASSETCATALOG_COMPILER_APPICON_NAME = AppIcon;
				ASSETCATALOG_COMPILER_LAUNCHIMAGE_NAME = LaunchImage;
				INFOPLIST_FILE = MyGameLive/Info.plist;
				IPHONEOS_DEPLOYMENT_TARGET = 9.0;
				LD_RUNPATH_SEARCH_PATHS = "$(inherited) @executable_path/Frameworks";
				PRODUCT_BUNDLE_IDENTIFIER = MRNAN.MyGameLive;
				PRODUCT_NAME = "$(TARGET_NAME)";
				SWIFT_VERSION = 3.0;
			};
			name = Debug;
		};
		B9236A7A1E80EB4F0045CB72 /* Release */ = {
			isa = XCBuildConfiguration;
			buildSettings = {
				ASSETCATALOG_COMPILER_APPICON_NAME = AppIcon;
				ASSETCATALOG_COMPILER_LAUNCHIMAGE_NAME = LaunchImage;
				INFOPLIST_FILE = MyGameLive/Info.plist;
				IPHONEOS_DEPLOYMENT_TARGET = 9.0;
				LD_RUNPATH_SEARCH_PATHS = "$(inherited) @executable_path/Frameworks";
				PRODUCT_BUNDLE_IDENTIFIER = MRNAN.MyGameLive;
				PRODUCT_NAME = "$(TARGET_NAME)";
				SWIFT_VERSION = 3.0;
			};
			name = Release;
		};
		B9236A7C1E80EB4F0045CB72 /* Debug */ = {
			isa = XCBuildConfiguration;
			buildSettings = {
				ALWAYS_EMBED_SWIFT_STANDARD_LIBRARIES = YES;
				BUNDLE_LOADER = "$(TEST_HOST)";
				INFOPLIST_FILE = MyGameLiveTests/Info.plist;
				LD_RUNPATH_SEARCH_PATHS = "$(inherited) @executable_path/Frameworks @loader_path/Frameworks";
				PRODUCT_BUNDLE_IDENTIFIER = MRNAN.MyGameLiveTests;
				PRODUCT_NAME = "$(TARGET_NAME)";
				SWIFT_VERSION = 3.0;
				TEST_HOST = "$(BUILT_PRODUCTS_DIR)/MyGameLive.app/MyGameLive";
			};
			name = Debug;
		};
		B9236A7D1E80EB4F0045CB72 /* Release */ = {
			isa = XCBuildConfiguration;
			buildSettings = {
				ALWAYS_EMBED_SWIFT_STANDARD_LIBRARIES = YES;
				BUNDLE_LOADER = "$(TEST_HOST)";
				INFOPLIST_FILE = MyGameLiveTests/Info.plist;
				LD_RUNPATH_SEARCH_PATHS = "$(inherited) @executable_path/Frameworks @loader_path/Frameworks";
				PRODUCT_BUNDLE_IDENTIFIER = MRNAN.MyGameLiveTests;
				PRODUCT_NAME = "$(TARGET_NAME)";
				SWIFT_VERSION = 3.0;
				TEST_HOST = "$(BUILT_PRODUCTS_DIR)/MyGameLive.app/MyGameLive";
			};
			name = Release;
		};
		B9236A7F1E80EB4F0045CB72 /* Debug */ = {
			isa = XCBuildConfiguration;
			buildSettings = {
				ALWAYS_EMBED_SWIFT_STANDARD_LIBRARIES = YES;
				INFOPLIST_FILE = MyGameLiveUITests/Info.plist;
				LD_RUNPATH_SEARCH_PATHS = "$(inherited) @executable_path/Frameworks @loader_path/Frameworks";
				PRODUCT_BUNDLE_IDENTIFIER = MRNAN.MyGameLiveUITests;
				PRODUCT_NAME = "$(TARGET_NAME)";
				SWIFT_VERSION = 3.0;
				TEST_TARGET_NAME = MyGameLive;
			};
			name = Debug;
		};
		B9236A801E80EB4F0045CB72 /* Release */ = {
			isa = XCBuildConfiguration;
			buildSettings = {
				ALWAYS_EMBED_SWIFT_STANDARD_LIBRARIES = YES;
				INFOPLIST_FILE = MyGameLiveUITests/Info.plist;
				LD_RUNPATH_SEARCH_PATHS = "$(inherited) @executable_path/Frameworks @loader_path/Frameworks";
				PRODUCT_BUNDLE_IDENTIFIER = MRNAN.MyGameLiveUITests;
				PRODUCT_NAME = "$(TARGET_NAME)";
				SWIFT_VERSION = 3.0;
				TEST_TARGET_NAME = MyGameLive;
			};
			name = Release;
		};
/* End XCBuildConfiguration section */

/* Begin XCConfigurationList section */
		B9236A4B1E80EB4F0045CB72 /* Build configuration list for PBXProject "MyGameLive" */ = {
			isa = XCConfigurationList;
			buildConfigurations = (
				B9236A761E80EB4F0045CB72 /* Debug */,
				B9236A771E80EB4F0045CB72 /* Release */,
			);
			defaultConfigurationIsVisible = 0;
			defaultConfigurationName = Release;
		};
		B9236A781E80EB4F0045CB72 /* Build configuration list for PBXNativeTarget "MyGameLive" */ = {
			isa = XCConfigurationList;
			buildConfigurations = (
				B9236A791E80EB4F0045CB72 /* Debug */,
				B9236A7A1E80EB4F0045CB72 /* Release */,
			);
			defaultConfigurationIsVisible = 0;
			defaultConfigurationName = Release;
		};
		B9236A7B1E80EB4F0045CB72 /* Build configuration list for PBXNativeTarget "MyGameLiveTests" */ = {
			isa = XCConfigurationList;
			buildConfigurations = (
				B9236A7C1E80EB4F0045CB72 /* Debug */,
				B9236A7D1E80EB4F0045CB72 /* Release */,
			);
			defaultConfigurationIsVisible = 0;
			defaultConfigurationName = Release;
		};
		B9236A7E1E80EB4F0045CB72 /* Build configuration list for PBXNativeTarget "MyGameLiveUITests" */ = {
			isa = XCConfigurationList;
			buildConfigurations = (
				B9236A7F1E80EB4F0045CB72 /* Debug */,
				B9236A801E80EB4F0045CB72 /* Release */,
			);
			defaultConfigurationIsVisible = 0;
			defaultConfigurationName = Release;
		};
/* End XCConfigurationList section */
	};
	rootObject = B9236A481E80EB4F0045CB72 /* Project object */;
}
